# This file is generated by running "yarn install" inside your project.
# Manual changes might be lost - proceed with caution!

__metadata:
  version: 6
  cacheKey: 8

"@fxts/core@npm:^0.9.0":
  version: 0.9.0
  resolution: "@fxts/core@npm:0.9.0"
  dependencies:
    tslib: ^2.4.0
  checksum: 550b9f7d734c619f6662dbbaf96443266684abd657407cc8da46af4b44047c8de2b1238dd75fe2dc7d3c5c05bf1ede4a85ea6c221ca30e152bb763fcd210fc7c
  languageName: node
  linkType: hard

"fc@workspace:.":
  version: 0.0.0-use.local
  resolution: "fc@workspace:."
  dependencies:
    "@fxts/core": ^0.9.0
  languageName: unknown
  linkType: soft

"tslib@npm:^2.4.0":
  version: 2.4.0
  resolution: "tslib@npm:2.4.0"
  checksum: 8c4aa6a3c5a754bf76aefc38026134180c053b7bd2f81338cb5e5ebf96fefa0f417bff221592bf801077f5bf990562f6264fecbc42cd3309b33872cb6fc3b113
  languageName: node
  linkType: hard
